<?xml version="1.0" encoding="utf-8"?>
<Project ToolsVersion="17.0" xmlns="http://schemas.microsoft.com/developer/msbuild/2003">
  <ItemGroup>
    <ClCompile Include="C:\Users\south\source\repos\18020581-Final-Year-Project\Game\src\Game.cpp">
      <Filter>Source Files</Filter>
    </ClCompile>
  </ItemGroup>
  <ItemGroup>
    <CustomBuild Include="C:\Users\south\source\repos\18020581-Final-Year-Project\Game\CMakeLists.txt" />
  </ItemGroup>
  <ItemGroup>
    <Filter Include="Source Files">
      <UniqueIdentifier>{2D4DB0D8-E1FE-35C4-93F6-88774876B1A5}</UniqueIdentifier>
    </Filter>
  </ItemGroup>
</Project>
