<?xml version="1.0" encoding="utf-8"?>
<Project ToolsVersion="17.0" xmlns="http://schemas.microsoft.com/developer/msbuild/2003">
  <ItemGroup>
    <ClCompile Include="C:\Users\south\source\repos\18020581-Final-Year-Project\Engine\src\AI\Enemy.cpp">
      <Filter>Source Files</Filter>
    </ClCompile>
    <ClCompile Include="C:\Users\south\source\repos\18020581-Final-Year-Project\Engine\src\AI\Planner.cpp">
      <Filter>Source Files</Filter>
    </ClCompile>
    <ClCompile Include="C:\Users\south\source\repos\18020581-Final-Year-Project\Engine\src\AI\WorldStates.cpp">
      <Filter>Source Files</Filter>
    </ClCompile>
    <ClCompile Include="C:\Users\south\source\repos\18020581-Final-Year-Project\Engine\src\Animation\AnimationManager.cpp">
      <Filter>Source Files</Filter>
    </ClCompile>
    <ClCompile Include="C:\Users\south\source\repos\18020581-Final-Year-Project\Engine\src\Cameras\Camera.cpp">
      <Filter>Source Files</Filter>
    </ClCompile>
    <ClCompile Include="C:\Users\south\source\repos\18020581-Final-Year-Project\Engine\src\Cameras\EditorCamera.cpp">
      <Filter>Source Files</Filter>
    </ClCompile>
    <ClCompile Include="C:\Users\south\source\repos\18020581-Final-Year-Project\Engine\src\Cameras\LevelCamera.cpp">
      <Filter>Source Files</Filter>
    </ClCompile>
    <ClCompile Include="C:\Users\south\source\repos\18020581-Final-Year-Project\Engine\src\Clock\Clock.cpp">
      <Filter>Source Files</Filter>
    </ClCompile>
    <ClCompile Include="C:\Users\south\source\repos\18020581-Final-Year-Project\Engine\src\Controller\EnemyController.cpp">
      <Filter>Source Files</Filter>
    </ClCompile>
    <ClCompile Include="C:\Users\south\source\repos\18020581-Final-Year-Project\Engine\src\Controller\PlayerController.cpp">
      <Filter>Source Files</Filter>
    </ClCompile>
    <ClCompile Include="C:\Users\south\source\repos\18020581-Final-Year-Project\Engine\src\Controller\Receiver.cpp">
      <Filter>Source Files</Filter>
    </ClCompile>
    <ClCompile Include="C:\Users\south\source\repos\18020581-Final-Year-Project\Engine\src\EntityManager\EntityManager.cpp">
      <Filter>Source Files</Filter>
    </ClCompile>
    <ClCompile Include="C:\Users\south\source\repos\18020581-Final-Year-Project\Engine\src\Entry\Application.cpp">
      <Filter>Source Files</Filter>
    </ClCompile>
    <ClCompile Include="C:\Users\south\source\repos\18020581-Final-Year-Project\Engine\src\IMGui\imgui_impl_glfw.cpp">
      <Filter>Source Files</Filter>
    </ClCompile>
    <ClCompile Include="C:\Users\south\source\repos\18020581-Final-Year-Project\Engine\src\IMGui\imgui_impl_opengl3.cpp">
      <Filter>Source Files</Filter>
    </ClCompile>
    <ClCompile Include="C:\Users\south\source\repos\18020581-Final-Year-Project\Engine\src\Inputs\KeyboardListener.cpp">
      <Filter>Source Files</Filter>
    </ClCompile>
    <ClCompile Include="C:\Users\south\source\repos\18020581-Final-Year-Project\Engine\src\Inputs\MouseListener.cpp">
      <Filter>Source Files</Filter>
    </ClCompile>
    <ClCompile Include="C:\Users\south\source\repos\18020581-Final-Year-Project\Engine\src\Logging\Logging.cpp">
      <Filter>Source Files</Filter>
    </ClCompile>
    <ClCompile Include="C:\Users\south\source\repos\18020581-Final-Year-Project\Engine\src\Memory\AlignAlloc.cpp">
      <Filter>Source Files</Filter>
    </ClCompile>
    <ClCompile Include="C:\Users\south\source\repos\18020581-Final-Year-Project\Engine\src\Memory\DeStackAllocator.cpp">
      <Filter>Source Files</Filter>
    </ClCompile>
    <ClCompile Include="C:\Users\south\source\repos\18020581-Final-Year-Project\Engine\src\Memory\DoubleBufferedAllocator.cpp">
      <Filter>Source Files</Filter>
    </ClCompile>
    <ClCompile Include="C:\Users\south\source\repos\18020581-Final-Year-Project\Engine\src\Memory\PoolAllocator.cpp">
      <Filter>Source Files</Filter>
    </ClCompile>
    <ClCompile Include="C:\Users\south\source\repos\18020581-Final-Year-Project\Engine\src\Memory\StackAllocator.cpp">
      <Filter>Source Files</Filter>
    </ClCompile>
    <ClCompile Include="C:\Users\south\source\repos\18020581-Final-Year-Project\Engine\src\Physics\CustomContactListener.cpp">
      <Filter>Source Files</Filter>
    </ClCompile>
    <ClCompile Include="C:\Users\south\source\repos\18020581-Final-Year-Project\Engine\src\Physics\Physics.cpp">
      <Filter>Source Files</Filter>
    </ClCompile>
    <ClCompile Include="C:\Users\south\source\repos\18020581-Final-Year-Project\Engine\src\Physics\RayCastListener.cpp">
      <Filter>Source Files</Filter>
    </ClCompile>
    <ClCompile Include="C:\Users\south\source\repos\18020581-Final-Year-Project\Engine\src\Render\EditorRender.cpp">
      <Filter>Source Files</Filter>
    </ClCompile>
    <ClCompile Include="C:\Users\south\source\repos\18020581-Final-Year-Project\Engine\src\Render\FrameBuffer.cpp">
      <Filter>Source Files</Filter>
    </ClCompile>
    <ClCompile Include="C:\Users\south\source\repos\18020581-Final-Year-Project\Engine\src\Render\Line.cpp">
      <Filter>Source Files</Filter>
    </ClCompile>
    <ClCompile Include="C:\Users\south\source\repos\18020581-Final-Year-Project\Engine\src\Render\RenderBatch.cpp">
      <Filter>Source Files</Filter>
    </ClCompile>
    <ClCompile Include="C:\Users\south\source\repos\18020581-Final-Year-Project\Engine\src\Render\Renderer.cpp">
      <Filter>Source Files</Filter>
    </ClCompile>
    <ClCompile Include="C:\Users\south\source\repos\18020581-Final-Year-Project\Engine\src\Render\Shader.cpp">
      <Filter>Source Files</Filter>
    </ClCompile>
    <ClCompile Include="C:\Users\south\source\repos\18020581-Final-Year-Project\Engine\src\Render\SpriteSheet.cpp">
      <Filter>Source Files</Filter>
    </ClCompile>
    <ClCompile Include="C:\Users\south\source\repos\18020581-Final-Year-Project\Engine\src\Render\Texture.cpp">
      <Filter>Source Files</Filter>
    </ClCompile>
    <ClCompile Include="C:\Users\south\source\repos\18020581-Final-Year-Project\Engine\src\ResourceManager\ResourceManager.cpp">
      <Filter>Source Files</Filter>
    </ClCompile>
    <ClCompile Include="C:\Users\south\source\repos\18020581-Final-Year-Project\Engine\src\SceneManager\LevelEditorScene.cpp">
      <Filter>Source Files</Filter>
    </ClCompile>
    <ClCompile Include="C:\Users\south\source\repos\18020581-Final-Year-Project\Engine\src\SceneManager\LevelScene.cpp">
      <Filter>Source Files</Filter>
    </ClCompile>
    <ClCompile Include="C:\Users\south\source\repos\18020581-Final-Year-Project\Engine\src\SceneManager\Scene.cpp">
      <Filter>Source Files</Filter>
    </ClCompile>
    <ClCompile Include="C:\Users\south\source\repos\18020581-Final-Year-Project\Engine\src\SceneManager\SceneStates.cpp">
      <Filter>Source Files</Filter>
    </ClCompile>
    <ClCompile Include="C:\Users\south\source\repos\18020581-Final-Year-Project\Engine\src\Threading\Semaphore.cpp">
      <Filter>Source Files</Filter>
    </ClCompile>
    <ClCompile Include="C:\Users\south\source\repos\18020581-Final-Year-Project\Engine\src\Windows\HierarchyWindow.cpp">
      <Filter>Source Files</Filter>
    </ClCompile>
    <ClCompile Include="C:\Users\south\source\repos\18020581-Final-Year-Project\Engine\src\Windows\ImguiWindow.cpp">
      <Filter>Source Files</Filter>
    </ClCompile>
    <ClCompile Include="C:\Users\south\source\repos\18020581-Final-Year-Project\Engine\src\Windows\Window.cpp">
      <Filter>Source Files</Filter>
    </ClCompile>
  </ItemGroup>
  <ItemGroup>
    <CustomBuild Include="C:\Users\south\source\repos\18020581-Final-Year-Project\Engine\CMakeLists.txt" />
  </ItemGroup>
  <ItemGroup>
    <Filter Include="Source Files">
      <UniqueIdentifier>{2D4DB0D8-E1FE-35C4-93F6-88774876B1A5}</UniqueIdentifier>
    </Filter>
  </ItemGroup>
</Project>
