
Microsoft Visual Studio Solution File, Format Version 12.00
# Visual Studio Version 17
Project("{2150E333-8FDC-42A3-9474-1A3956D46DE8}") = "CMakePredefinedTargets", "CMakePredefinedTargets", "{5DE8A9A1-B2CC-3F37-A46F-F908DA69C9D7}"
EndProject
Project("{2150E333-8FDC-42A3-9474-1A3956D46DE8}") = "GLFW3", "GLFW3", "{959EBAD8-3D80-3889-9FAA-9323B2D12BD0}"
EndProject
Project("{8BC9CEB8-8B4A-11D0-8D11-00A0C91BC942}") = "ALL_BUILD", "ALL_BUILD.vcxproj", "{5C9AB53A-7CAE-3707-B38E-265BA728F415}"
	ProjectSection(ProjectDependencies) = postProject
		{DC4CD4CF-9956-3BDB-91FD-1C8DD543BAD5} = {DC4CD4CF-9956-3BDB-91FD-1C8DD543BAD5}
		{5670ED7A-8E40-3193-B479-F75E333A0D85} = {5670ED7A-8E40-3193-B479-F75E333A0D85}
		{F0656CC2-BB19-3A37-A4EB-9D95801DC95C} = {F0656CC2-BB19-3A37-A4EB-9D95801DC95C}
		{39A60D31-9552-3508-9D02-B471DAF59946} = {39A60D31-9552-3508-9D02-B471DAF59946}
		{60BDB62A-ACC4-3135-A5EB-D510B06A0388} = {60BDB62A-ACC4-3135-A5EB-D510B06A0388}
		{F214A3FF-7348-3C80-B83A-E11BBED4C9DA} = {F214A3FF-7348-3C80-B83A-E11BBED4C9DA}
		{54B1CB29-2DB4-3E9F-9658-4E5E1E87DB5B} = {54B1CB29-2DB4-3E9F-9658-4E5E1E87DB5B}
		{9E682BF2-EA9C-355F-B75D-AFFF4EBBD441} = {9E682BF2-EA9C-355F-B75D-AFFF4EBBD441}
		{3E152ECD-1F28-342C-AADE-4B730E73CD2D} = {3E152ECD-1F28-342C-AADE-4B730E73CD2D}
		{239A12CE-EE5F-3342-8B23-CCCA67E61752} = {239A12CE-EE5F-3342-8B23-CCCA67E61752}
		{119A132C-CE95-3A99-A54E-B81FE9393B11} = {119A132C-CE95-3A99-A54E-B81FE9393B11}
		{C0CBAFD1-8243-3E17-9E28-4B2AA926DABE} = {C0CBAFD1-8243-3E17-9E28-4B2AA926DABE}
		{5BEBBD77-453E-335F-8096-5ED098A54B46} = {5BEBBD77-453E-335F-8096-5ED098A54B46}
	EndProjectSection
EndProject
Project("{8BC9CEB8-8B4A-11D0-8D11-00A0C91BC942}") = "INSTALL", "INSTALL.vcxproj", "{A810BC91-7325-3070-80CF-A569A2EA5EEF}"
	ProjectSection(ProjectDependencies) = postProject
		{5C9AB53A-7CAE-3707-B38E-265BA728F415} = {5C9AB53A-7CAE-3707-B38E-265BA728F415}
		{5670ED7A-8E40-3193-B479-F75E333A0D85} = {5670ED7A-8E40-3193-B479-F75E333A0D85}
	EndProjectSection
EndProject
Project("{8BC9CEB8-8B4A-11D0-8D11-00A0C91BC942}") = "ImGui", "Engine\ImGui.vcxproj", "{DC4CD4CF-9956-3BDB-91FD-1C8DD543BAD5}"
	ProjectSection(ProjectDependencies) = postProject
		{5670ED7A-8E40-3193-B479-F75E333A0D85} = {5670ED7A-8E40-3193-B479-F75E333A0D85}
	EndProjectSection
EndProject
Project("{8BC9CEB8-8B4A-11D0-8D11-00A0C91BC942}") = "ZERO_CHECK", "ZERO_CHECK.vcxproj", "{5670ED7A-8E40-3193-B479-F75E333A0D85}"
	ProjectSection(ProjectDependencies) = postProject
	EndProjectSection
EndProject
Project("{8BC9CEB8-8B4A-11D0-8D11-00A0C91BC942}") = "box2d", "Engine\External\box2d\src\box2d.vcxproj", "{F0656CC2-BB19-3A37-A4EB-9D95801DC95C}"
	ProjectSection(ProjectDependencies) = postProject
		{5670ED7A-8E40-3193-B479-F75E333A0D85} = {5670ED7A-8E40-3193-B479-F75E333A0D85}
	EndProjectSection
EndProject
Project("{8BC9CEB8-8B4A-11D0-8D11-00A0C91BC942}") = "ge_cpp_application", "Game\ge_cpp_application.vcxproj", "{39A60D31-9552-3508-9D02-B471DAF59946}"
	ProjectSection(ProjectDependencies) = postProject
		{DC4CD4CF-9956-3BDB-91FD-1C8DD543BAD5} = {DC4CD4CF-9956-3BDB-91FD-1C8DD543BAD5}
		{5670ED7A-8E40-3193-B479-F75E333A0D85} = {5670ED7A-8E40-3193-B479-F75E333A0D85}
		{F0656CC2-BB19-3A37-A4EB-9D95801DC95C} = {F0656CC2-BB19-3A37-A4EB-9D95801DC95C}
		{60BDB62A-ACC4-3135-A5EB-D510B06A0388} = {60BDB62A-ACC4-3135-A5EB-D510B06A0388}
		{F214A3FF-7348-3C80-B83A-E11BBED4C9DA} = {F214A3FF-7348-3C80-B83A-E11BBED4C9DA}
		{54B1CB29-2DB4-3E9F-9658-4E5E1E87DB5B} = {54B1CB29-2DB4-3E9F-9658-4E5E1E87DB5B}
		{119A132C-CE95-3A99-A54E-B81FE9393B11} = {119A132C-CE95-3A99-A54E-B81FE9393B11}
	EndProjectSection
EndProject
Project("{8BC9CEB8-8B4A-11D0-8D11-00A0C91BC942}") = "ge_cpp_engine", "Engine\ge_cpp_engine.vcxproj", "{60BDB62A-ACC4-3135-A5EB-D510B06A0388}"
	ProjectSection(ProjectDependencies) = postProject
		{DC4CD4CF-9956-3BDB-91FD-1C8DD543BAD5} = {DC4CD4CF-9956-3BDB-91FD-1C8DD543BAD5}
		{5670ED7A-8E40-3193-B479-F75E333A0D85} = {5670ED7A-8E40-3193-B479-F75E333A0D85}
		{F0656CC2-BB19-3A37-A4EB-9D95801DC95C} = {F0656CC2-BB19-3A37-A4EB-9D95801DC95C}
		{F214A3FF-7348-3C80-B83A-E11BBED4C9DA} = {F214A3FF-7348-3C80-B83A-E11BBED4C9DA}
		{54B1CB29-2DB4-3E9F-9658-4E5E1E87DB5B} = {54B1CB29-2DB4-3E9F-9658-4E5E1E87DB5B}
		{119A132C-CE95-3A99-A54E-B81FE9393B11} = {119A132C-CE95-3A99-A54E-B81FE9393B11}
	EndProjectSection
EndProject
Project("{8BC9CEB8-8B4A-11D0-8D11-00A0C91BC942}") = "glad", "Engine\External\GLAD\glad.vcxproj", "{F214A3FF-7348-3C80-B83A-E11BBED4C9DA}"
	ProjectSection(ProjectDependencies) = postProject
		{5670ED7A-8E40-3193-B479-F75E333A0D85} = {5670ED7A-8E40-3193-B479-F75E333A0D85}
	EndProjectSection
EndProject
Project("{8BC9CEB8-8B4A-11D0-8D11-00A0C91BC942}") = "glfw", "Engine\External\GLFW\src\glfw.vcxproj", "{54B1CB29-2DB4-3E9F-9658-4E5E1E87DB5B}"
	ProjectSection(ProjectDependencies) = postProject
		{5670ED7A-8E40-3193-B479-F75E333A0D85} = {5670ED7A-8E40-3193-B479-F75E333A0D85}
	EndProjectSection
EndProject
Project("{8BC9CEB8-8B4A-11D0-8D11-00A0C91BC942}") = "graphviz", "graphviz.vcxproj", "{9E682BF2-EA9C-355F-B75D-AFFF4EBBD441}"
	ProjectSection(ProjectDependencies) = postProject
		{5670ED7A-8E40-3193-B479-F75E333A0D85} = {5670ED7A-8E40-3193-B479-F75E333A0D85}
	EndProjectSection
EndProject
Project("{8BC9CEB8-8B4A-11D0-8D11-00A0C91BC942}") = "imgui", "Engine\External\box2d\extern\imgui\imgui.vcxproj", "{3E152ECD-1F28-342C-AADE-4B730E73CD2D}"
	ProjectSection(ProjectDependencies) = postProject
		{5670ED7A-8E40-3193-B479-F75E333A0D85} = {5670ED7A-8E40-3193-B479-F75E333A0D85}
	EndProjectSection
EndProject
Project("{8BC9CEB8-8B4A-11D0-8D11-00A0C91BC942}") = "sajson", "Engine\External\box2d\extern\sajson\sajson.vcxproj", "{239A12CE-EE5F-3342-8B23-CCCA67E61752}"
	ProjectSection(ProjectDependencies) = postProject
		{5670ED7A-8E40-3193-B479-F75E333A0D85} = {5670ED7A-8E40-3193-B479-F75E333A0D85}
	EndProjectSection
EndProject
Project("{8BC9CEB8-8B4A-11D0-8D11-00A0C91BC942}") = "spdlog", "Engine\External\spdlog\spdlog.vcxproj", "{119A132C-CE95-3A99-A54E-B81FE9393B11}"
	ProjectSection(ProjectDependencies) = postProject
		{5670ED7A-8E40-3193-B479-F75E333A0D85} = {5670ED7A-8E40-3193-B479-F75E333A0D85}
	EndProjectSection
EndProject
Project("{8BC9CEB8-8B4A-11D0-8D11-00A0C91BC942}") = "testbed", "Engine\External\box2d\testbed\testbed.vcxproj", "{C0CBAFD1-8243-3E17-9E28-4B2AA926DABE}"
	ProjectSection(ProjectDependencies) = postProject
		{5670ED7A-8E40-3193-B479-F75E333A0D85} = {5670ED7A-8E40-3193-B479-F75E333A0D85}
		{F0656CC2-BB19-3A37-A4EB-9D95801DC95C} = {F0656CC2-BB19-3A37-A4EB-9D95801DC95C}
		{F214A3FF-7348-3C80-B83A-E11BBED4C9DA} = {F214A3FF-7348-3C80-B83A-E11BBED4C9DA}
		{54B1CB29-2DB4-3E9F-9658-4E5E1E87DB5B} = {54B1CB29-2DB4-3E9F-9658-4E5E1E87DB5B}
		{3E152ECD-1F28-342C-AADE-4B730E73CD2D} = {3E152ECD-1F28-342C-AADE-4B730E73CD2D}
		{239A12CE-EE5F-3342-8B23-CCCA67E61752} = {239A12CE-EE5F-3342-8B23-CCCA67E61752}
	EndProjectSection
EndProject
Project("{8BC9CEB8-8B4A-11D0-8D11-00A0C91BC942}") = "uninstall", "Engine\External\glm\uninstall.vcxproj", "{B050A4A5-2151-3521-9375-A0D5846CB619}"
	ProjectSection(ProjectDependencies) = postProject
		{5670ED7A-8E40-3193-B479-F75E333A0D85} = {5670ED7A-8E40-3193-B479-F75E333A0D85}
	EndProjectSection
EndProject
Project("{8BC9CEB8-8B4A-11D0-8D11-00A0C91BC942}") = "unit_test", "Engine\External\box2d\unit-test\unit_test.vcxproj", "{5BEBBD77-453E-335F-8096-5ED098A54B46}"
	ProjectSection(ProjectDependencies) = postProject
		{5670ED7A-8E40-3193-B479-F75E333A0D85} = {5670ED7A-8E40-3193-B479-F75E333A0D85}
		{F0656CC2-BB19-3A37-A4EB-9D95801DC95C} = {F0656CC2-BB19-3A37-A4EB-9D95801DC95C}
	EndProjectSection
EndProject
Project("{8BC9CEB8-8B4A-11D0-8D11-00A0C91BC942}") = "update_mappings", "Engine\External\GLFW\src\update_mappings.vcxproj", "{44ABDBA4-6091-3858-A8DF-B5A330B8D3C6}"
	ProjectSection(ProjectDependencies) = postProject
		{5670ED7A-8E40-3193-B479-F75E333A0D85} = {5670ED7A-8E40-3193-B479-F75E333A0D85}
	EndProjectSection
EndProject
Global
	GlobalSection(SolutionConfigurationPlatforms) = preSolution
		Debug|x64 = Debug|x64
		Release|x64 = Release|x64
		MinSizeRel|x64 = MinSizeRel|x64
		RelWithDebInfo|x64 = RelWithDebInfo|x64
	EndGlobalSection
	GlobalSection(ProjectConfigurationPlatforms) = postSolution
		{5C9AB53A-7CAE-3707-B38E-265BA728F415}.Debug|x64.ActiveCfg = Debug|x64
		{5C9AB53A-7CAE-3707-B38E-265BA728F415}.Debug|x64.Build.0 = Debug|x64
		{5C9AB53A-7CAE-3707-B38E-265BA728F415}.Release|x64.ActiveCfg = Release|x64
		{5C9AB53A-7CAE-3707-B38E-265BA728F415}.Release|x64.Build.0 = Release|x64
		{5C9AB53A-7CAE-3707-B38E-265BA728F415}.MinSizeRel|x64.ActiveCfg = MinSizeRel|x64
		{5C9AB53A-7CAE-3707-B38E-265BA728F415}.MinSizeRel|x64.Build.0 = MinSizeRel|x64
		{5C9AB53A-7CAE-3707-B38E-265BA728F415}.RelWithDebInfo|x64.ActiveCfg = RelWithDebInfo|x64
		{5C9AB53A-7CAE-3707-B38E-265BA728F415}.RelWithDebInfo|x64.Build.0 = RelWithDebInfo|x64
		{A810BC91-7325-3070-80CF-A569A2EA5EEF}.Debug|x64.ActiveCfg = Debug|x64
		{A810BC91-7325-3070-80CF-A569A2EA5EEF}.Release|x64.ActiveCfg = Release|x64
		{A810BC91-7325-3070-80CF-A569A2EA5EEF}.MinSizeRel|x64.ActiveCfg = MinSizeRel|x64
		{A810BC91-7325-3070-80CF-A569A2EA5EEF}.RelWithDebInfo|x64.ActiveCfg = RelWithDebInfo|x64
		{DC4CD4CF-9956-3BDB-91FD-1C8DD543BAD5}.Debug|x64.ActiveCfg = Debug|x64
		{DC4CD4CF-9956-3BDB-91FD-1C8DD543BAD5}.Debug|x64.Build.0 = Debug|x64
		{DC4CD4CF-9956-3BDB-91FD-1C8DD543BAD5}.Release|x64.ActiveCfg = Release|x64
		{DC4CD4CF-9956-3BDB-91FD-1C8DD543BAD5}.Release|x64.Build.0 = Release|x64
		{DC4CD4CF-9956-3BDB-91FD-1C8DD543BAD5}.MinSizeRel|x64.ActiveCfg = MinSizeRel|x64
		{DC4CD4CF-9956-3BDB-91FD-1C8DD543BAD5}.MinSizeRel|x64.Build.0 = MinSizeRel|x64
		{DC4CD4CF-9956-3BDB-91FD-1C8DD543BAD5}.RelWithDebInfo|x64.ActiveCfg = RelWithDebInfo|x64
		{DC4CD4CF-9956-3BDB-91FD-1C8DD543BAD5}.RelWithDebInfo|x64.Build.0 = RelWithDebInfo|x64
		{5670ED7A-8E40-3193-B479-F75E333A0D85}.Debug|x64.ActiveCfg = Debug|x64
		{5670ED7A-8E40-3193-B479-F75E333A0D85}.Debug|x64.Build.0 = Debug|x64
		{5670ED7A-8E40-3193-B479-F75E333A0D85}.Release|x64.ActiveCfg = Release|x64
		{5670ED7A-8E40-3193-B479-F75E333A0D85}.Release|x64.Build.0 = Release|x64
		{5670ED7A-8E40-3193-B479-F75E333A0D85}.MinSizeRel|x64.ActiveCfg = MinSizeRel|x64
		{5670ED7A-8E40-3193-B479-F75E333A0D85}.MinSizeRel|x64.Build.0 = MinSizeRel|x64
		{5670ED7A-8E40-3193-B479-F75E333A0D85}.RelWithDebInfo|x64.ActiveCfg = RelWithDebInfo|x64
		{5670ED7A-8E40-3193-B479-F75E333A0D85}.RelWithDebInfo|x64.Build.0 = RelWithDebInfo|x64
		{F0656CC2-BB19-3A37-A4EB-9D95801DC95C}.Debug|x64.ActiveCfg = Debug|x64
		{F0656CC2-BB19-3A37-A4EB-9D95801DC95C}.Debug|x64.Build.0 = Debug|x64
		{F0656CC2-BB19-3A37-A4EB-9D95801DC95C}.Release|x64.ActiveCfg = Release|x64
		{F0656CC2-BB19-3A37-A4EB-9D95801DC95C}.Release|x64.Build.0 = Release|x64
		{F0656CC2-BB19-3A37-A4EB-9D95801DC95C}.MinSizeRel|x64.ActiveCfg = MinSizeRel|x64
		{F0656CC2-BB19-3A37-A4EB-9D95801DC95C}.MinSizeRel|x64.Build.0 = MinSizeRel|x64
		{F0656CC2-BB19-3A37-A4EB-9D95801DC95C}.RelWithDebInfo|x64.ActiveCfg = RelWithDebInfo|x64
		{F0656CC2-BB19-3A37-A4EB-9D95801DC95C}.RelWithDebInfo|x64.Build.0 = RelWithDebInfo|x64
		{39A60D31-9552-3508-9D02-B471DAF59946}.Debug|x64.ActiveCfg = Debug|x64
		{39A60D31-9552-3508-9D02-B471DAF59946}.Debug|x64.Build.0 = Debug|x64
		{39A60D31-9552-3508-9D02-B471DAF59946}.Release|x64.ActiveCfg = Release|x64
		{39A60D31-9552-3508-9D02-B471DAF59946}.Release|x64.Build.0 = Release|x64
		{39A60D31-9552-3508-9D02-B471DAF59946}.MinSizeRel|x64.ActiveCfg = MinSizeRel|x64
		{39A60D31-9552-3508-9D02-B471DAF59946}.MinSizeRel|x64.Build.0 = MinSizeRel|x64
		{39A60D31-9552-3508-9D02-B471DAF59946}.RelWithDebInfo|x64.ActiveCfg = RelWithDebInfo|x64
		{39A60D31-9552-3508-9D02-B471DAF59946}.RelWithDebInfo|x64.Build.0 = RelWithDebInfo|x64
		{60BDB62A-ACC4-3135-A5EB-D510B06A0388}.Debug|x64.ActiveCfg = Debug|x64
		{60BDB62A-ACC4-3135-A5EB-D510B06A0388}.Debug|x64.Build.0 = Debug|x64
		{60BDB62A-ACC4-3135-A5EB-D510B06A0388}.Release|x64.ActiveCfg = Release|x64
		{60BDB62A-ACC4-3135-A5EB-D510B06A0388}.Release|x64.Build.0 = Release|x64
		{60BDB62A-ACC4-3135-A5EB-D510B06A0388}.MinSizeRel|x64.ActiveCfg = MinSizeRel|x64
		{60BDB62A-ACC4-3135-A5EB-D510B06A0388}.MinSizeRel|x64.Build.0 = MinSizeRel|x64
		{60BDB62A-ACC4-3135-A5EB-D510B06A0388}.RelWithDebInfo|x64.ActiveCfg = RelWithDebInfo|x64
		{60BDB62A-ACC4-3135-A5EB-D510B06A0388}.RelWithDebInfo|x64.Build.0 = RelWithDebInfo|x64
		{F214A3FF-7348-3C80-B83A-E11BBED4C9DA}.Debug|x64.ActiveCfg = Debug|x64
		{F214A3FF-7348-3C80-B83A-E11BBED4C9DA}.Debug|x64.Build.0 = Debug|x64
		{F214A3FF-7348-3C80-B83A-E11BBED4C9DA}.Release|x64.ActiveCfg = Release|x64
		{F214A3FF-7348-3C80-B83A-E11BBED4C9DA}.Release|x64.Build.0 = Release|x64
		{F214A3FF-7348-3C80-B83A-E11BBED4C9DA}.MinSizeRel|x64.ActiveCfg = MinSizeRel|x64
		{F214A3FF-7348-3C80-B83A-E11BBED4C9DA}.MinSizeRel|x64.Build.0 = MinSizeRel|x64
		{F214A3FF-7348-3C80-B83A-E11BBED4C9DA}.RelWithDebInfo|x64.ActiveCfg = RelWithDebInfo|x64
		{F214A3FF-7348-3C80-B83A-E11BBED4C9DA}.RelWithDebInfo|x64.Build.0 = RelWithDebInfo|x64
		{54B1CB29-2DB4-3E9F-9658-4E5E1E87DB5B}.Debug|x64.ActiveCfg = Debug|x64
		{54B1CB29-2DB4-3E9F-9658-4E5E1E87DB5B}.Debug|x64.Build.0 = Debug|x64
		{54B1CB29-2DB4-3E9F-9658-4E5E1E87DB5B}.Release|x64.ActiveCfg = Release|x64
		{54B1CB29-2DB4-3E9F-9658-4E5E1E87DB5B}.Release|x64.Build.0 = Release|x64
		{54B1CB29-2DB4-3E9F-9658-4E5E1E87DB5B}.MinSizeRel|x64.ActiveCfg = MinSizeRel|x64
		{54B1CB29-2DB4-3E9F-9658-4E5E1E87DB5B}.MinSizeRel|x64.Build.0 = MinSizeRel|x64
		{54B1CB29-2DB4-3E9F-9658-4E5E1E87DB5B}.RelWithDebInfo|x64.ActiveCfg = RelWithDebInfo|x64
		{54B1CB29-2DB4-3E9F-9658-4E5E1E87DB5B}.RelWithDebInfo|x64.Build.0 = RelWithDebInfo|x64
		{9E682BF2-EA9C-355F-B75D-AFFF4EBBD441}.Debug|x64.ActiveCfg = Debug|x64
		{9E682BF2-EA9C-355F-B75D-AFFF4EBBD441}.Debug|x64.Build.0 = Debug|x64
		{9E682BF2-EA9C-355F-B75D-AFFF4EBBD441}.Release|x64.ActiveCfg = Release|x64
		{9E682BF2-EA9C-355F-B75D-AFFF4EBBD441}.Release|x64.Build.0 = Release|x64
		{9E682BF2-EA9C-355F-B75D-AFFF4EBBD441}.MinSizeRel|x64.ActiveCfg = MinSizeRel|x64
		{9E682BF2-EA9C-355F-B75D-AFFF4EBBD441}.MinSizeRel|x64.Build.0 = MinSizeRel|x64
		{9E682BF2-EA9C-355F-B75D-AFFF4EBBD441}.RelWithDebInfo|x64.ActiveCfg = RelWithDebInfo|x64
		{9E682BF2-EA9C-355F-B75D-AFFF4EBBD441}.RelWithDebInfo|x64.Build.0 = RelWithDebInfo|x64
		{3E152ECD-1F28-342C-AADE-4B730E73CD2D}.Debug|x64.ActiveCfg = Debug|x64
		{3E152ECD-1F28-342C-AADE-4B730E73CD2D}.Debug|x64.Build.0 = Debug|x64
		{3E152ECD-1F28-342C-AADE-4B730E73CD2D}.Release|x64.ActiveCfg = Release|x64
		{3E152ECD-1F28-342C-AADE-4B730E73CD2D}.Release|x64.Build.0 = Release|x64
		{3E152ECD-1F28-342C-AADE-4B730E73CD2D}.MinSizeRel|x64.ActiveCfg = MinSizeRel|x64
		{3E152ECD-1F28-342C-AADE-4B730E73CD2D}.MinSizeRel|x64.Build.0 = MinSizeRel|x64
		{3E152ECD-1F28-342C-AADE-4B730E73CD2D}.RelWithDebInfo|x64.ActiveCfg = RelWithDebInfo|x64
		{3E152ECD-1F28-342C-AADE-4B730E73CD2D}.RelWithDebInfo|x64.Build.0 = RelWithDebInfo|x64
		{239A12CE-EE5F-3342-8B23-CCCA67E61752}.Debug|x64.ActiveCfg = Debug|x64
		{239A12CE-EE5F-3342-8B23-CCCA67E61752}.Debug|x64.Build.0 = Debug|x64
		{239A12CE-EE5F-3342-8B23-CCCA67E61752}.Release|x64.ActiveCfg = Release|x64
		{239A12CE-EE5F-3342-8B23-CCCA67E61752}.Release|x64.Build.0 = Release|x64
		{239A12CE-EE5F-3342-8B23-CCCA67E61752}.MinSizeRel|x64.ActiveCfg = MinSizeRel|x64
		{239A12CE-EE5F-3342-8B23-CCCA67E61752}.MinSizeRel|x64.Build.0 = MinSizeRel|x64
		{239A12CE-EE5F-3342-8B23-CCCA67E61752}.RelWithDebInfo|x64.ActiveCfg = RelWithDebInfo|x64
		{239A12CE-EE5F-3342-8B23-CCCA67E61752}.RelWithDebInfo|x64.Build.0 = RelWithDebInfo|x64
		{119A132C-CE95-3A99-A54E-B81FE9393B11}.Debug|x64.ActiveCfg = Debug|x64
		{119A132C-CE95-3A99-A54E-B81FE9393B11}.Debug|x64.Build.0 = Debug|x64
		{119A132C-CE95-3A99-A54E-B81FE9393B11}.Release|x64.ActiveCfg = Release|x64
		{119A132C-CE95-3A99-A54E-B81FE9393B11}.Release|x64.Build.0 = Release|x64
		{119A132C-CE95-3A99-A54E-B81FE9393B11}.MinSizeRel|x64.ActiveCfg = MinSizeRel|x64
		{119A132C-CE95-3A99-A54E-B81FE9393B11}.MinSizeRel|x64.Build.0 = MinSizeRel|x64
		{119A132C-CE95-3A99-A54E-B81FE9393B11}.RelWithDebInfo|x64.ActiveCfg = RelWithDebInfo|x64
		{119A132C-CE95-3A99-A54E-B81FE9393B11}.RelWithDebInfo|x64.Build.0 = RelWithDebInfo|x64
		{C0CBAFD1-8243-3E17-9E28-4B2AA926DABE}.Debug|x64.ActiveCfg = Debug|x64
		{C0CBAFD1-8243-3E17-9E28-4B2AA926DABE}.Debug|x64.Build.0 = Debug|x64
		{C0CBAFD1-8243-3E17-9E28-4B2AA926DABE}.Release|x64.ActiveCfg = Release|x64
		{C0CBAFD1-8243-3E17-9E28-4B2AA926DABE}.Release|x64.Build.0 = Release|x64
		{C0CBAFD1-8243-3E17-9E28-4B2AA926DABE}.MinSizeRel|x64.ActiveCfg = MinSizeRel|x64
		{C0CBAFD1-8243-3E17-9E28-4B2AA926DABE}.MinSizeRel|x64.Build.0 = MinSizeRel|x64
		{C0CBAFD1-8243-3E17-9E28-4B2AA926DABE}.RelWithDebInfo|x64.ActiveCfg = RelWithDebInfo|x64
		{C0CBAFD1-8243-3E17-9E28-4B2AA926DABE}.RelWithDebInfo|x64.Build.0 = RelWithDebInfo|x64
		{B050A4A5-2151-3521-9375-A0D5846CB619}.Debug|x64.ActiveCfg = Debug|x64
		{B050A4A5-2151-3521-9375-A0D5846CB619}.Release|x64.ActiveCfg = Release|x64
		{B050A4A5-2151-3521-9375-A0D5846CB619}.MinSizeRel|x64.ActiveCfg = MinSizeRel|x64
		{B050A4A5-2151-3521-9375-A0D5846CB619}.RelWithDebInfo|x64.ActiveCfg = RelWithDebInfo|x64
		{5BEBBD77-453E-335F-8096-5ED098A54B46}.Debug|x64.ActiveCfg = Debug|x64
		{5BEBBD77-453E-335F-8096-5ED098A54B46}.Debug|x64.Build.0 = Debug|x64
		{5BEBBD77-453E-335F-8096-5ED098A54B46}.Release|x64.ActiveCfg = Release|x64
		{5BEBBD77-453E-335F-8096-5ED098A54B46}.Release|x64.Build.0 = Release|x64
		{5BEBBD77-453E-335F-8096-5ED098A54B46}.MinSizeRel|x64.ActiveCfg = MinSizeRel|x64
		{5BEBBD77-453E-335F-8096-5ED098A54B46}.MinSizeRel|x64.Build.0 = MinSizeRel|x64
		{5BEBBD77-453E-335F-8096-5ED098A54B46}.RelWithDebInfo|x64.ActiveCfg = RelWithDebInfo|x64
		{5BEBBD77-453E-335F-8096-5ED098A54B46}.RelWithDebInfo|x64.Build.0 = RelWithDebInfo|x64
		{44ABDBA4-6091-3858-A8DF-B5A330B8D3C6}.Debug|x64.ActiveCfg = Debug|x64
		{44ABDBA4-6091-3858-A8DF-B5A330B8D3C6}.Release|x64.ActiveCfg = Release|x64
		{44ABDBA4-6091-3858-A8DF-B5A330B8D3C6}.MinSizeRel|x64.ActiveCfg = MinSizeRel|x64
		{44ABDBA4-6091-3858-A8DF-B5A330B8D3C6}.RelWithDebInfo|x64.ActiveCfg = RelWithDebInfo|x64
	EndGlobalSection
	GlobalSection(NestedProjects) = preSolution
		{5C9AB53A-7CAE-3707-B38E-265BA728F415} = {5DE8A9A1-B2CC-3F37-A46F-F908DA69C9D7}
		{A810BC91-7325-3070-80CF-A569A2EA5EEF} = {5DE8A9A1-B2CC-3F37-A46F-F908DA69C9D7}
		{5670ED7A-8E40-3193-B479-F75E333A0D85} = {5DE8A9A1-B2CC-3F37-A46F-F908DA69C9D7}
		{54B1CB29-2DB4-3E9F-9658-4E5E1E87DB5B} = {959EBAD8-3D80-3889-9FAA-9323B2D12BD0}
		{44ABDBA4-6091-3858-A8DF-B5A330B8D3C6} = {959EBAD8-3D80-3889-9FAA-9323B2D12BD0}
	EndGlobalSection
	GlobalSection(ExtensibilityGlobals) = postSolution
		SolutionGuid = {8A1B9DFA-0A20-3F19-B5DB-142FF5D0826F}
	EndGlobalSection
	GlobalSection(ExtensibilityAddIns) = postSolution
	EndGlobalSection
EndGlobal
