<?xml version="1.0" encoding="utf-8"?>
<Project ToolsVersion="17.0" xmlns="http://schemas.microsoft.com/developer/msbuild/2003">
  <ItemGroup>
    <CustomBuild Include="C:\Users\south\source\repos\18020581-Final-Year-Project\build-dependency-graph\CMakeFiles\f71e12e1b799f56054566e34f5e93aec\INSTALL_force.rule">
      <Filter>CMake Rules</Filter>
    </CustomBuild>
  </ItemGroup>
  <ItemGroup>
    <Filter Include="CMake Rules">
      <UniqueIdentifier>{ECD22E00-FAE7-34E9-97BB-EC02B8FA7A63}</UniqueIdentifier>
    </Filter>
  </ItemGroup>
</Project>
